
Microsoft Visual Studio Solution File, Format Version 9.00
# Visual Studio 2005
Project("{8BC9CEB8-8B4A-11D0-8D11-00A0C91BC942}") = "FileIO_2005", "FileIO\FileIO_2005.vcproj", "{3C82B7FD-1098-45C8-86D4-FB614A7EB483}"
EndProject
Project("{8BC9CEB8-8B4A-11D0-8D11-00A0C91BC942}") = "PreVS2012UnitTest", "PreVS2012UnitTest\PreVS2012UnitTest.vcproj", "{95CBC64B-F66D-4F84-8E00-B63019F10A05}"
	ProjectSection(ProjectDependencies) = postProject
		{3C82B7FD-1098-45C8-86D4-FB614A7EB483} = {3C82B7FD-1098-45C8-86D4-FB614A7EB483}
	EndProjectSection
EndProject
Global
	GlobalSection(SolutionConfigurationPlatforms) = preSolution
		Debug|Win32 = Debug|Win32
		Release|Win32 = Release|Win32
	EndGlobalSection
	GlobalSection(ProjectConfigurationPlatforms) = postSolution
		{3C82B7FD-1098-45C8-86D4-FB614A7EB483}.Debug|Win32.ActiveCfg = Debug|Win32
		{3C82B7FD-1098-45C8-86D4-FB614A7EB483}.Debug|Win32.Build.0 = Debug|Win32
		{3C82B7FD-1098-45C8-86D4-FB614A7EB483}.Release|Win32.ActiveCfg = Release|Win32
		{3C82B7FD-1098-45C8-86D4-FB614A7EB483}.Release|Win32.Build.0 = Release|Win32
		{95CBC64B-F66D-4F84-8E00-B63019F10A05}.Debug|Win32.ActiveCfg = Debug|Win32
		{95CBC64B-F66D-4F84-8E00-B63019F10A05}.Debug|Win32.Build.0 = Debug|Win32
		{95CBC64B-F66D-4F84-8E00-B63019F10A05}.Release|Win32.ActiveCfg = Release|Win32
		{95CBC64B-F66D-4F84-8E00-B63019F10A05}.Release|Win32.Build.0 = Release|Win32
	EndGlobalSection
	GlobalSection(SolutionProperties) = preSolution
		HideSolutionNode = FALSE
	EndGlobalSection
EndGlobal
