<?xml version="1.0" encoding="utf-8"?>
<Project ToolsVersion="4.0" xmlns="http://schemas.microsoft.com/developer/msbuild/2003">
  <ItemGroup>
    <Filter Include="Source Files">
      <UniqueIdentifier>{4FC737F1-C7A5-4376-A066-2A32D752A2FF}</UniqueIdentifier>
      <Extensions>cpp;c;cc;cxx;def;odl;idl;hpj;bat;asm;asmx</Extensions>
    </Filter>
    <Filter Include="Header Files">
      <UniqueIdentifier>{93995380-89BD-4b04-88EB-625FBE52EBFB}</UniqueIdentifier>
      <Extensions>h;hpp;hxx;hm;inl;inc;xsd</Extensions>
    </Filter>
    <Filter Include="Resource Files">
      <UniqueIdentifier>{67DA6AB6-F800-4c08-8B7A-83BB121AAD01}</UniqueIdentifier>
      <Extensions>rc;ico;cur;bmp;dlg;rc2;rct;bin;rgs;gif;jpg;jpeg;jpe;resx;tiff;tif;png;wav;mfcribbon-ms</Extensions>
    </Filter>
    <Filter Include="Binary">
      <UniqueIdentifier>{b8fc2880-e6a5-4cd9-bc36-038844e89613}</UniqueIdentifier>
    </Filter>
    <Filter Include="Binary\Reader">
      <UniqueIdentifier>{27f9d301-fd99-418f-9a5b-79d01be1bedf}</UniqueIdentifier>
    </Filter>
    <Filter Include="Binary\Writer">
      <UniqueIdentifier>{6c7ef187-e294-4120-b3ee-ccd13e8198c6}</UniqueIdentifier>
    </Filter>
    <Filter Include="Text">
      <UniqueIdentifier>{a68435bc-0750-439b-94d7-c35f3c632b88}</UniqueIdentifier>
    </Filter>
    <Filter Include="Text\Reader">
      <UniqueIdentifier>{3e6bf288-aafc-4c9b-97c3-52c66b99d440}</UniqueIdentifier>
    </Filter>
    <Filter Include="Text\Writer">
      <UniqueIdentifier>{333265cb-0a23-4487-86a0-d581d5a227ab}</UniqueIdentifier>
    </Filter>
    <Filter Include="Text\Utils">
      <UniqueIdentifier>{ac01089f-2e22-455c-8f45-c9a0b6c3141f}</UniqueIdentifier>
    </Filter>
    <Filter Include="Binary\Utils">
      <UniqueIdentifier>{8ccdfc7f-8a48-4bd7-80b2-ce9739d7e692}</UniqueIdentifier>
    </Filter>
    <Filter Include="Common">
      <UniqueIdentifier>{7e0a9b1d-4cec-4b32-b851-c37cc36dea80}</UniqueIdentifier>
    </Filter>
    <Filter Include="Microsoft">
      <UniqueIdentifier>{b46aabb0-2ff6-4858-a2d2-278128f81ae5}</UniqueIdentifier>
    </Filter>
    <Filter Include="UTF8Utils">
      <UniqueIdentifier>{91421d40-7c20-4ae6-8a68-d3db20528b42}</UniqueIdentifier>
    </Filter>
    <Filter Include="UTF16Utils">
      <UniqueIdentifier>{989e906b-75ce-4017-a4c0-88dd06ef6c47}</UniqueIdentifier>
    </Filter>
    <Filter Include="UTF8Utils\utf8">
      <UniqueIdentifier>{22e63ace-baf2-4a43-88fc-116162de2028}</UniqueIdentifier>
    </Filter>
    <Filter Include="Text\Stream">
      <UniqueIdentifier>{c9a3d611-bfda-45e2-80a5-05d092f01e28}</UniqueIdentifier>
    </Filter>
  </ItemGroup>
  <ItemGroup>
    <None Include="ReadMe.txt" />
  </ItemGroup>
  <ItemGroup>
    <ClInclude Include="stdafx.h">
      <Filter>Header Files</Filter>
    </ClInclude>
    <ClInclude Include="targetver.h">
      <Filter>Header Files</Filter>
    </ClInclude>
    <ClInclude Include="Binary\Utils\BaseArray.h">
      <Filter>Binary\Utils</Filter>
    </ClInclude>
    <ClInclude Include="Binary\Utils\BinaryTypeReadRef.h">
      <Filter>Binary\Utils</Filter>
    </ClInclude>
    <ClInclude Include="Binary\Utils\BinaryTypeRef.h">
      <Filter>Binary\Utils</Filter>
    </ClInclude>
    <ClInclude Include="Binary\Utils\StrArray.h">
      <Filter>Binary\Utils</Filter>
    </ClInclude>
    <ClInclude Include="Binary\Utils\WStrArray.h">
      <Filter>Binary\Utils</Filter>
    </ClInclude>
    <ClInclude Include="Binary\Writer\xBinaryWriter.h">
      <Filter>Binary\Writer</Filter>
    </ClInclude>
    <ClInclude Include="Binary\Reader\xBinaryReader.h">
      <Filter>Binary\Reader</Filter>
    </ClInclude>
    <ClInclude Include="Text\Utils\DataType.h">
      <Filter>Text\Utils</Filter>
    </ClInclude>
    <ClInclude Include="Text\Utils\DataTypeRef.h">
      <Filter>Text\Utils</Filter>
    </ClInclude>
    <ClInclude Include="Text\Utils\SplitStrategy.h">
      <Filter>Text\Utils</Filter>
    </ClInclude>
    <ClInclude Include="Text\Utils\StrtokStrategy.h">
      <Filter>Text\Utils</Filter>
    </ClInclude>
    <ClInclude Include="Text\Utils\StrUtil.h">
      <Filter>Text\Utils</Filter>
    </ClInclude>
    <ClInclude Include="Text\Utils\StrUtilRef.h">
      <Filter>Text\Utils</Filter>
    </ClInclude>
    <ClInclude Include="Text\Reader\AsciiReader.h">
      <Filter>Text\Reader</Filter>
    </ClInclude>
    <ClInclude Include="Text\Reader\BaseTextReader.h">
      <Filter>Text\Reader</Filter>
    </ClInclude>
    <ClInclude Include="Text\Reader\BEUnicodeReader.h">
      <Filter>Text\Reader</Filter>
    </ClInclude>
    <ClInclude Include="Text\Reader\UnicodeReader.h">
      <Filter>Text\Reader</Filter>
    </ClInclude>
    <ClInclude Include="Text\Reader\UTF8Reader.h">
      <Filter>Text\Reader</Filter>
    </ClInclude>
    <ClInclude Include="Text\Reader\xTextReader.h">
      <Filter>Text\Reader</Filter>
    </ClInclude>
    <ClInclude Include="Text\Writer\AsciiWriter.h">
      <Filter>Text\Writer</Filter>
    </ClInclude>
    <ClInclude Include="Text\Writer\BaseTextWriter.h">
      <Filter>Text\Writer</Filter>
    </ClInclude>
    <ClInclude Include="Text\Writer\BEUnicodeWriter.h">
      <Filter>Text\Writer</Filter>
    </ClInclude>
    <ClInclude Include="Text\Writer\UnicodeWriter.h">
      <Filter>Text\Writer</Filter>
    </ClInclude>
    <ClInclude Include="Text\Writer\UTF8Writer.h">
      <Filter>Text\Writer</Filter>
    </ClInclude>
    <ClInclude Include="Text\Writer\xTextWriter.h">
      <Filter>Text\Writer</Filter>
    </ClInclude>
    <ClInclude Include="Common\BaseConverter.h">
      <Filter>Common</Filter>
    </ClInclude>
    <ClInclude Include="Common\Enumeration.h">
      <Filter>Common</Filter>
    </ClInclude>
    <ClInclude Include="Common\Common.h">
      <Filter>Common</Filter>
    </ClInclude>
    <ClInclude Include="Microsoft\WinOperation.h">
      <Filter>Microsoft</Filter>
    </ClInclude>
    <ClInclude Include="ElmaxFile.h">
      <Filter>Header Files</Filter>
    </ClInclude>
    <ClInclude Include="UTF8Utils\utf8.h">
      <Filter>UTF8Utils</Filter>
    </ClInclude>
    <ClInclude Include="UTF8Utils\utf8\checked.h">
      <Filter>UTF8Utils\utf8</Filter>
    </ClInclude>
    <ClInclude Include="UTF8Utils\utf8\core.h">
      <Filter>UTF8Utils\utf8</Filter>
    </ClInclude>
    <ClInclude Include="UTF8Utils\utf8\unchecked.h">
      <Filter>UTF8Utils\utf8</Filter>
    </ClInclude>
    <ClInclude Include="UTF16Utils\utf16.h">
      <Filter>UTF16Utils</Filter>
    </ClInclude>
    <ClInclude Include="Common\RAII_Array.h">
      <Filter>Common</Filter>
    </ClInclude>
    <ClInclude Include="Text\Stream\istream.h">
      <Filter>Text\Stream</Filter>
    </ClInclude>
    <ClInclude Include="Text\Stream\ostream.h">
      <Filter>Text\Stream</Filter>
    </ClInclude>
  </ItemGroup>
  <ItemGroup>
    <ClCompile Include="stdafx.cpp">
      <Filter>Source Files</Filter>
    </ClCompile>
    <ClCompile Include="Binary\Utils\BaseArray.cpp">
      <Filter>Binary\Utils</Filter>
    </ClCompile>
    <ClCompile Include="Binary\Utils\BinaryTypeReadRef.cpp">
      <Filter>Binary\Utils</Filter>
    </ClCompile>
    <ClCompile Include="Binary\Utils\BinaryTypeRef.cpp">
      <Filter>Binary\Utils</Filter>
    </ClCompile>
    <ClCompile Include="Binary\Utils\StrArray.cpp">
      <Filter>Binary\Utils</Filter>
    </ClCompile>
    <ClCompile Include="Binary\Utils\WStrArray.cpp">
      <Filter>Binary\Utils</Filter>
    </ClCompile>
    <ClCompile Include="Binary\Writer\xBinaryWriter.cpp">
      <Filter>Binary\Writer</Filter>
    </ClCompile>
    <ClCompile Include="Binary\Reader\xBinaryReader.cpp">
      <Filter>Binary\Reader</Filter>
    </ClCompile>
    <ClCompile Include="Text\Utils\DataType.cpp">
      <Filter>Text\Utils</Filter>
    </ClCompile>
    <ClCompile Include="Text\Utils\DataTypeRef.cpp">
      <Filter>Text\Utils</Filter>
    </ClCompile>
    <ClCompile Include="Text\Utils\SplitStrategy.cpp">
      <Filter>Text\Utils</Filter>
    </ClCompile>
    <ClCompile Include="Text\Utils\StrtokStrategy.cpp">
      <Filter>Text\Utils</Filter>
    </ClCompile>
    <ClCompile Include="Text\Utils\StrUtil.cpp">
      <Filter>Text\Utils</Filter>
    </ClCompile>
    <ClCompile Include="Text\Utils\StrUtilRef.cpp">
      <Filter>Text\Utils</Filter>
    </ClCompile>
    <ClCompile Include="Text\Reader\AsciiReader.cpp">
      <Filter>Text\Reader</Filter>
    </ClCompile>
    <ClCompile Include="Text\Reader\BaseTextReader.cpp">
      <Filter>Text\Reader</Filter>
    </ClCompile>
    <ClCompile Include="Text\Reader\BEUnicodeReader.cpp">
      <Filter>Text\Reader</Filter>
    </ClCompile>
    <ClCompile Include="Text\Reader\UnicodeReader.cpp">
      <Filter>Text\Reader</Filter>
    </ClCompile>
    <ClCompile Include="Text\Reader\UTF8Reader.cpp">
      <Filter>Text\Reader</Filter>
    </ClCompile>
    <ClCompile Include="Text\Reader\xTextReader.cpp">
      <Filter>Text\Reader</Filter>
    </ClCompile>
    <ClCompile Include="Text\Writer\AsciiWriter.cpp">
      <Filter>Text\Writer</Filter>
    </ClCompile>
    <ClCompile Include="Text\Writer\BaseTextWriter.cpp">
      <Filter>Text\Writer</Filter>
    </ClCompile>
    <ClCompile Include="Text\Writer\BEUnicodeWriter.cpp">
      <Filter>Text\Writer</Filter>
    </ClCompile>
    <ClCompile Include="Text\Writer\UnicodeWriter.cpp">
      <Filter>Text\Writer</Filter>
    </ClCompile>
    <ClCompile Include="Text\Writer\UTF8Writer.cpp">
      <Filter>Text\Writer</Filter>
    </ClCompile>
    <ClCompile Include="Text\Writer\xTextWriter.cpp">
      <Filter>Text\Writer</Filter>
    </ClCompile>
    <ClCompile Include="Common\BaseConverter.cpp">
      <Filter>Common</Filter>
    </ClCompile>
    <ClCompile Include="Common\Enumeration.cpp">
      <Filter>Common</Filter>
    </ClCompile>
    <ClCompile Include="Common\Common.cpp">
      <Filter>Common</Filter>
    </ClCompile>
    <ClCompile Include="Microsoft\WinOperation.cpp">
      <Filter>Microsoft</Filter>
    </ClCompile>
    <ClCompile Include="UTF16Utils\utf16.cpp">
      <Filter>UTF16Utils</Filter>
    </ClCompile>
    <ClCompile Include="Common\RAII_Array.cpp">
      <Filter>Common</Filter>
    </ClCompile>
    <ClCompile Include="Text\Stream\istream.cpp">
      <Filter>Text\Stream</Filter>
    </ClCompile>
    <ClCompile Include="Text\Stream\ostream.cpp">
      <Filter>Text\Stream</Filter>
    </ClCompile>
  </ItemGroup>
</Project>